
Microsoft Visual Studio Solution File, Format Version 12.00
# Visual Studio Version 17
VisualStudioVersion = 17.7.34031.279
MinimumVisualStudioVersion = 10.0.40219.1
Project("{FAE04EC0-301F-11D3-BF4B-00C04F79EFBC}") = "Car1", "Car1\Car1.csproj", "{0C11BE6E-0868-474C-BA5C-C208E843BBD4}"
EndProject
Project("{FAE04EC0-301F-11D3-BF4B-00C04F79EFBC}") = "Car2", "Car2\Car2.csproj", "{19647834-17EA-406D-9EEF-D7F176AA6BE2}"
EndProject
Global
	GlobalSection(SolutionConfigurationPlatforms) = preSolution
		Debug|Any CPU = Debug|Any CPU
		Release|Any CPU = Release|Any CPU
	EndGlobalSection
	GlobalSection(ProjectConfigurationPlatforms) = postSolution
		{0C11BE6E-0868-474C-BA5C-C208E843BBD4}.Debug|Any CPU.ActiveCfg = Debug|Any CPU
		{0C11BE6E-0868-474C-BA5C-C208E843BBD4}.Debug|Any CPU.Build.0 = Debug|Any CPU
		{0C11BE6E-0868-474C-BA5C-C208E843BBD4}.Release|Any CPU.ActiveCfg = Release|Any CPU
		{0C11BE6E-0868-474C-BA5C-C208E843BBD4}.Release|Any CPU.Build.0 = Release|Any CPU
		{19647834-17EA-406D-9EEF-D7F176AA6BE2}.Debug|Any CPU.ActiveCfg = Debug|Any CPU
		{19647834-17EA-406D-9EEF-D7F176AA6BE2}.Debug|Any CPU.Build.0 = Debug|Any CPU
		{19647834-17EA-406D-9EEF-D7F176AA6BE2}.Release|Any CPU.ActiveCfg = Release|Any CPU
		{19647834-17EA-406D-9EEF-D7F176AA6BE2}.Release|Any CPU.Build.0 = Release|Any CPU
	EndGlobalSection
	GlobalSection(SolutionProperties) = preSolution
		HideSolutionNode = FALSE
	EndGlobalSection
	GlobalSection(ExtensibilityGlobals) = postSolution
		SolutionGuid = {98196D5A-7E23-4537-88E7-6F8B778A2A5F}
	EndGlobalSection
EndGlobal
